
Microsoft Visual Studio Solution File, Format Version 12.00
# Visual Studio Version 17
VisualStudioVersion = 17.7.34024.191
MinimumVisualStudioVersion = 10.0.40219.1
Project("{9A19103F-16F7-4668-BE54-9A1E7A4F7556}") = "DemoMVC", "DemoMVC.csproj", "{F8156ED1-0282-4415-B869-08FE56D71071}"
EndProject
Project("{9A19103F-16F7-4668-BE54-9A1E7A4F7556}") = "Corso.Core", "..\Corso.Core\Corso.Core.csproj", "{F9709BBC-697B-4DF0-A0CE-3F8C22E954B6}"
EndProject
Project("{9A19103F-16F7-4668-BE54-9A1E7A4F7556}") = "Corso.Infrastructure", "..\Corso.Infrastructure\Corso.Infrastructure.csproj", "{A7EF3C67-EDB2-4ADB-B146-75301DC07BC5}"
EndProject
Project("{9A19103F-16F7-4668-BE54-9A1E7A4F7556}") = "DemoRazorPages", "..\DemoRazorPages\DemoRazorPages.csproj", "{B58B1EB9-A78C-404E-9E2E-B86CE4D62049}"
EndProject
Project("{9A19103F-16F7-4668-BE54-9A1E7A4F7556}") = "Corso.API", "..\Corso.API\Corso.API.csproj", "{BD1AE208-B442-4FF2-90C3-9B97B9D30F03}"
EndProject
Project("{9A19103F-16F7-4668-BE54-9A1E7A4F7556}") = "Corso.APIMinimal", "..\Corso.APIMinimal\Corso.APIMinimal.csproj", "{940054AC-4312-4C3A-B0A3-F999E021AC8A}"
EndProject
Project("{9A19103F-16F7-4668-BE54-9A1E7A4F7556}") = "Corso.BlazorServer", "..\Corso.BlazorServer\Corso.BlazorServer.csproj", "{A2549F31-3E1C-4172-B385-0F2CE71746E2}"
EndProject
Project("{9A19103F-16F7-4668-BE54-9A1E7A4F7556}") = "Corso.BlazorWASM", "..\Corso.BlazorWASM\Corso.BlazorWASM.csproj", "{27E4E14C-C221-4D17-AEFA-74592A936418}"
EndProject
Project("{9A19103F-16F7-4668-BE54-9A1E7A4F7556}") = "Corso.BlazorLibrary", "..\Corso.BlazorLibrary\Corso.BlazorLibrary.csproj", "{4DCA5563-135C-4983-A3DE-F96BDAD8AD4B}"
EndProject
Project("{FAE04EC0-301F-11D3-BF4B-00C04F79EFBC}") = "EsperimentiVari", "..\EsperimentiVari\EsperimentiVari.csproj", "{D208D147-0BBE-45B9-80F8-924A1E0D6618}"
EndProject
Project("{FAE04EC0-301F-11D3-BF4B-00C04F79EFBC}") = "PatterMatching", "..\PatterMatching\PatterMatching.csproj", "{7C444182-789A-4A25-8233-6B94305F05BB}"
EndProject
Global
	GlobalSection(SolutionConfigurationPlatforms) = preSolution
		Debug|Any CPU = Debug|Any CPU
		Release|Any CPU = Release|Any CPU
	EndGlobalSection
	GlobalSection(ProjectConfigurationPlatforms) = postSolution
		{F8156ED1-0282-4415-B869-08FE56D71071}.Debug|Any CPU.ActiveCfg = Debug|Any CPU
		{F8156ED1-0282-4415-B869-08FE56D71071}.Debug|Any CPU.Build.0 = Debug|Any CPU
		{F8156ED1-0282-4415-B869-08FE56D71071}.Release|Any CPU.ActiveCfg = Release|Any CPU
		{F8156ED1-0282-4415-B869-08FE56D71071}.Release|Any CPU.Build.0 = Release|Any CPU
		{F9709BBC-697B-4DF0-A0CE-3F8C22E954B6}.Debug|Any CPU.ActiveCfg = Debug|Any CPU
		{F9709BBC-697B-4DF0-A0CE-3F8C22E954B6}.Debug|Any CPU.Build.0 = Debug|Any CPU
		{F9709BBC-697B-4DF0-A0CE-3F8C22E954B6}.Release|Any CPU.ActiveCfg = Release|Any CPU
		{F9709BBC-697B-4DF0-A0CE-3F8C22E954B6}.Release|Any CPU.Build.0 = Release|Any CPU
		{A7EF3C67-EDB2-4ADB-B146-75301DC07BC5}.Debug|Any CPU.ActiveCfg = Debug|Any CPU
		{A7EF3C67-EDB2-4ADB-B146-75301DC07BC5}.Debug|Any CPU.Build.0 = Debug|Any CPU
		{A7EF3C67-EDB2-4ADB-B146-75301DC07BC5}.Release|Any CPU.ActiveCfg = Release|Any CPU
		{A7EF3C67-EDB2-4ADB-B146-75301DC07BC5}.Release|Any CPU.Build.0 = Release|Any CPU
		{B58B1EB9-A78C-404E-9E2E-B86CE4D62049}.Debug|Any CPU.ActiveCfg = Debug|Any CPU
		{B58B1EB9-A78C-404E-9E2E-B86CE4D62049}.Debug|Any CPU.Build.0 = Debug|Any CPU
		{B58B1EB9-A78C-404E-9E2E-B86CE4D62049}.Release|Any CPU.ActiveCfg = Release|Any CPU
		{B58B1EB9-A78C-404E-9E2E-B86CE4D62049}.Release|Any CPU.Build.0 = Release|Any CPU
		{BD1AE208-B442-4FF2-90C3-9B97B9D30F03}.Debug|Any CPU.ActiveCfg = Debug|Any CPU
		{BD1AE208-B442-4FF2-90C3-9B97B9D30F03}.Debug|Any CPU.Build.0 = Debug|Any CPU
		{BD1AE208-B442-4FF2-90C3-9B97B9D30F03}.Release|Any CPU.ActiveCfg = Release|Any CPU
		{BD1AE208-B442-4FF2-90C3-9B97B9D30F03}.Release|Any CPU.Build.0 = Release|Any CPU
		{940054AC-4312-4C3A-B0A3-F999E021AC8A}.Debug|Any CPU.ActiveCfg = Debug|Any CPU
		{940054AC-4312-4C3A-B0A3-F999E021AC8A}.Debug|Any CPU.Build.0 = Debug|Any CPU
		{940054AC-4312-4C3A-B0A3-F999E021AC8A}.Release|Any CPU.ActiveCfg = Release|Any CPU
		{940054AC-4312-4C3A-B0A3-F999E021AC8A}.Release|Any CPU.Build.0 = Release|Any CPU
		{A2549F31-3E1C-4172-B385-0F2CE71746E2}.Debug|Any CPU.ActiveCfg = Debug|Any CPU
		{A2549F31-3E1C-4172-B385-0F2CE71746E2}.Debug|Any CPU.Build.0 = Debug|Any CPU
		{A2549F31-3E1C-4172-B385-0F2CE71746E2}.Release|Any CPU.ActiveCfg = Release|Any CPU
		{A2549F31-3E1C-4172-B385-0F2CE71746E2}.Release|Any CPU.Build.0 = Release|Any CPU
		{27E4E14C-C221-4D17-AEFA-74592A936418}.Debug|Any CPU.ActiveCfg = Debug|Any CPU
		{27E4E14C-C221-4D17-AEFA-74592A936418}.Debug|Any CPU.Build.0 = Debug|Any CPU
		{27E4E14C-C221-4D17-AEFA-74592A936418}.Release|Any CPU.ActiveCfg = Release|Any CPU
		{27E4E14C-C221-4D17-AEFA-74592A936418}.Release|Any CPU.Build.0 = Release|Any CPU
		{4DCA5563-135C-4983-A3DE-F96BDAD8AD4B}.Debug|Any CPU.ActiveCfg = Debug|Any CPU
		{4DCA5563-135C-4983-A3DE-F96BDAD8AD4B}.Debug|Any CPU.Build.0 = Debug|Any CPU
		{4DCA5563-135C-4983-A3DE-F96BDAD8AD4B}.Release|Any CPU.ActiveCfg = Release|Any CPU
		{4DCA5563-135C-4983-A3DE-F96BDAD8AD4B}.Release|Any CPU.Build.0 = Release|Any CPU
		{D208D147-0BBE-45B9-80F8-924A1E0D6618}.Debug|Any CPU.ActiveCfg = Debug|Any CPU
		{D208D147-0BBE-45B9-80F8-924A1E0D6618}.Debug|Any CPU.Build.0 = Debug|Any CPU
		{D208D147-0BBE-45B9-80F8-924A1E0D6618}.Release|Any CPU.ActiveCfg = Release|Any CPU
		{D208D147-0BBE-45B9-80F8-924A1E0D6618}.Release|Any CPU.Build.0 = Release|Any CPU
		{7C444182-789A-4A25-8233-6B94305F05BB}.Debug|Any CPU.ActiveCfg = Debug|Any CPU
		{7C444182-789A-4A25-8233-6B94305F05BB}.Debug|Any CPU.Build.0 = Debug|Any CPU
		{7C444182-789A-4A25-8233-6B94305F05BB}.Release|Any CPU.ActiveCfg = Release|Any CPU
		{7C444182-789A-4A25-8233-6B94305F05BB}.Release|Any CPU.Build.0 = Release|Any CPU
	EndGlobalSection
	GlobalSection(SolutionProperties) = preSolution
		HideSolutionNode = FALSE
	EndGlobalSection
	GlobalSection(ExtensibilityGlobals) = postSolution
		SolutionGuid = {2CC4735F-BB97-47A3-9418-F34FE4AF1FCB}
	EndGlobalSection
EndGlobal
